
Microsoft Visual Studio Solution File, Format Version 12.00
# Visual Studio Version 17
VisualStudioVersion = 17.9.34622.214
MinimumVisualStudioVersion = 10.0.40219.1
Project("{9A19103F-16F7-4668-BE54-9A1E7A4F7556}") = "Talabat.APIs", "Talabat.APIs\Talabat.APIs.csproj", "{E6E31718-7B1C-432C-B88A-4DB376E522CC}"
EndProject
Project("{FAE04EC0-301F-11D3-BF4B-00C04F79EFBC}") = "Route.Talabat.Infrastructure", "Route.Talabat.Infrastructure\Route.Talabat.Infrastructure.csproj", "{9B1E961C-F216-4E50-9228-3CCB5D78712F}"
EndProject
Project("{FAE04EC0-301F-11D3-BF4B-00C04F79EFBC}") = "Route.Talabat.Core", "Route.Talabat.Core\Route.Talabat.Core.csproj", "{97183A83-F328-4BEA-87C7-7DBDCF9C0209}"
EndProject
Project("{FAE04EC0-301F-11D3-BF4B-00C04F79EFBC}") = "Route.Talabat.Service", "Route.Talabat.Services\Route.Talabat.Service.csproj", "{8D16D4C6-0CBE-4754-B4C1-2C373F3EA74C}"
EndProject
Global
	GlobalSection(SolutionConfigurationPlatforms) = preSolution
		Debug|Any CPU = Debug|Any CPU
		Release|Any CPU = Release|Any CPU
	EndGlobalSection
	GlobalSection(ProjectConfigurationPlatforms) = postSolution
		{E6E31718-7B1C-432C-B88A-4DB376E522CC}.Debug|Any CPU.ActiveCfg = Debug|Any CPU
		{E6E31718-7B1C-432C-B88A-4DB376E522CC}.Debug|Any CPU.Build.0 = Debug|Any CPU
		{E6E31718-7B1C-432C-B88A-4DB376E522CC}.Release|Any CPU.ActiveCfg = Release|Any CPU
		{E6E31718-7B1C-432C-B88A-4DB376E522CC}.Release|Any CPU.Build.0 = Release|Any CPU
		{9B1E961C-F216-4E50-9228-3CCB5D78712F}.Debug|Any CPU.ActiveCfg = Debug|Any CPU
		{9B1E961C-F216-4E50-9228-3CCB5D78712F}.Debug|Any CPU.Build.0 = Debug|Any CPU
		{9B1E961C-F216-4E50-9228-3CCB5D78712F}.Release|Any CPU.ActiveCfg = Release|Any CPU
		{9B1E961C-F216-4E50-9228-3CCB5D78712F}.Release|Any CPU.Build.0 = Release|Any CPU
		{97183A83-F328-4BEA-87C7-7DBDCF9C0209}.Debug|Any CPU.ActiveCfg = Debug|Any CPU
		{97183A83-F328-4BEA-87C7-7DBDCF9C0209}.Debug|Any CPU.Build.0 = Debug|Any CPU
		{97183A83-F328-4BEA-87C7-7DBDCF9C0209}.Release|Any CPU.ActiveCfg = Release|Any CPU
		{97183A83-F328-4BEA-87C7-7DBDCF9C0209}.Release|Any CPU.Build.0 = Release|Any CPU
		{8D16D4C6-0CBE-4754-B4C1-2C373F3EA74C}.Debug|Any CPU.ActiveCfg = Debug|Any CPU
		{8D16D4C6-0CBE-4754-B4C1-2C373F3EA74C}.Debug|Any CPU.Build.0 = Debug|Any CPU
		{8D16D4C6-0CBE-4754-B4C1-2C373F3EA74C}.Release|Any CPU.ActiveCfg = Release|Any CPU
		{8D16D4C6-0CBE-4754-B4C1-2C373F3EA74C}.Release|Any CPU.Build.0 = Release|Any CPU
	EndGlobalSection
	GlobalSection(SolutionProperties) = preSolution
		HideSolutionNode = FALSE
	EndGlobalSection
	GlobalSection(ExtensibilityGlobals) = postSolution
		SolutionGuid = {F4BA7183-2BCF-43CE-BF0F-D69EE4D3D748}
	EndGlobalSection
EndGlobal
